# THIS IS AN AUTOGENERATED FILE. DO NOT EDIT THIS FILE DIRECTLY.
# yarn lockfile v1


"@lit-labs/ssr-dom-shim@^1.0.0", "@lit-labs/ssr-dom-shim@^1.1.0":
  version "1.5.1"
  resolved "https://registry.yarnpkg.com/@lit-labs/ssr-dom-shim/-/ssr-dom-shim-1.5.1.tgz#3166900c0d481f03d6d4133686e0febf760d521d"
  integrity sha512-Aou5UdlSpr5whQe8AA/bZG0jMj96CoJIWbGfZ91qieWu5AWUMKw8VR/pAkQkJYvBNhmCcWnZlyyk5oze8JIqYA==

"@lit/reactive-element@^1.3.0", "@lit/reactive-element@^1.6.0":
  version "1.6.3"
  resolved "https://registry.yarnpkg.com/@lit/reactive-element/-/reactive-element-1.6.3.tgz#25b4eece2592132845d303e091bad9b04cdcfe03"
  integrity sha512-QuTgnG52Poic7uM1AN5yJ09QMe0O28e10XzSvWDz02TJiiKee4stsiownEIadWm8nYzyDAyT+gKzUoZmiWQtsQ==
  dependencies:
    "@lit-labs/ssr-dom-shim" "^1.0.0"

"@open-wc/dedupe-mixin@^1.3.0":
  version "1.4.0"
  resolved "https://registry.yarnpkg.com/@open-wc/dedupe-mixin/-/dedupe-mixin-1.4.0.tgz#b3c58f8699b197bb5e923d624c720e67c9f324d6"
  integrity sha512-Sj7gKl1TLcDbF7B6KUhtvr+1UCxdhMbNY5KxdU5IfMFWqL8oy1ZeAcCANjoB1TL0AJTcPmcCFsCbHf8X2jGDUA==

"@polymer/iron-flex-layout@^3.0.0-pre.26":
  version "3.0.1"
  resolved "https://registry.yarnpkg.com/@polymer/iron-flex-layout/-/iron-flex-layout-3.0.1.tgz#36f9e1a8eb792d279b2bc75d362628721ad37f0c"
  integrity sha512-7gB869czArF+HZcPTVSgvA7tXYFze9EKckvM95NB7SqYF+NnsQyhoXgKnpFwGyo95lUjUW9TFDLUwDXnCYFtkw==
  dependencies:
    "@polymer/polymer" "^3.0.0"

"@polymer/iron-icon@^3.0.0":
  version "3.0.1"
  resolved "https://registry.yarnpkg.com/@polymer/iron-icon/-/iron-icon-3.0.1.tgz#93211c39d8825fe4965a68419566036c1df291eb"
  integrity sha512-QLPwirk+UPZNaLnMew9VludXA4CWUCenRewgEcGYwdzVgDPCDbXxy6vRJjmweZobMQv/oVLppT2JZtJFnPxX6g==
  dependencies:
    "@polymer/iron-flex-layout" "^3.0.0-pre.26"
    "@polymer/iron-meta" "^3.0.0-pre.26"
    "@polymer/polymer" "^3.0.0"

"@polymer/iron-iconset-svg@^3.0.0":
  version "3.0.1"
  resolved "https://registry.yarnpkg.com/@polymer/iron-iconset-svg/-/iron-iconset-svg-3.0.1.tgz#568d6e7dbc120299dae63be3600aeba0d30ddbea"
  integrity sha512-XNwURbNHRw6u2fJe05O5fMYye6GSgDlDqCO+q6K1zAnKIrpgZwf2vTkBd5uCcZwsN0FyCB3mvNZx4jkh85dRDw==
  dependencies:
    "@polymer/iron-meta" "^3.0.0-pre.26"
    "@polymer/polymer" "^3.0.0"

"@polymer/iron-meta@^3.0.0-pre.26":
  version "3.0.1"
  resolved "https://registry.yarnpkg.com/@polymer/iron-meta/-/iron-meta-3.0.1.tgz#7f140628d127b0a284f882f1bb323a261bc125f5"
  integrity sha512-pWguPugiLYmWFV9UWxLWzZ6gm4wBwQdDy4VULKwdHCqR7OP7u98h+XDdGZsSlDPv6qoryV/e3tGHlTIT0mbzJA==
  dependencies:
    "@polymer/polymer" "^3.0.0"

"@polymer/polymer@^3.0.0":
  version "3.4.1"
  resolved "https://registry.yarnpkg.com/@polymer/polymer/-/polymer-3.4.1.tgz#333bef25711f8411bb5624fb3eba8212ef8bee96"
  integrity sha512-KPWnhDZibtqKrUz7enIPOiO4ZQoJNOuLwqrhV2MXzIt3VVnUVJVG5ORz4Z2sgO+UZ+/UZnPD0jqY+jmw/+a9mQ==
  dependencies:
    "@webcomponents/shadycss" "^1.9.1"

"@types/trusted-types@^2.0.2":
  version "2.0.7"
  resolved "https://registry.yarnpkg.com/@types/trusted-types/-/trusted-types-2.0.7.tgz#baccb07a970b91707df3a3e8ba6896c57ead2d11"
  integrity sha512-ScaPdn1dQczgbl0QFTeTOmVHFULt394XJgOQNoyVhZ6r2vLnMLJfBPd53SB52T/3G36VI1/g2MZaX0cwDuXsfw==

"@vaadin/component-base@~23.6.2":
  version "23.6.2"
  resolved "https://registry.yarnpkg.com/@vaadin/component-base/-/component-base-23.6.2.tgz#9c9f6e1e06b3b9d808783c12963ebc300d62d4f8"
  integrity sha512-2uoAAG4TsUAaBx/DTXIpEwejas32nNWUVjNFKmNAGBM/ShDUR2+V4puydyyABTxD4hf2urYJzZQ628KkpqtHjQ==
  dependencies:
    "@open-wc/dedupe-mixin" "^1.3.0"
    "@polymer/polymer" "^3.0.0"
    "@vaadin/vaadin-development-mode-detector" "^2.0.0"
    "@vaadin/vaadin-usage-statistics" "^2.1.0"
    lit "^2.0.0"

"@vaadin/context-menu@~23.6.2":
  version "23.6.2"
  resolved "https://registry.yarnpkg.com/@vaadin/context-menu/-/context-menu-23.6.2.tgz#df8c3bbe98862ad0e93c164b19d491fba81c845f"
  integrity sha512-9EAKfF6gs+pQ2Gs/iyp3dmgPn0msdxMeR1O1P3KCggac/npc/8AXUeQM+VtNmJiXYxC7ga59L+OMuqolg9KMAw==
  dependencies:
    "@open-wc/dedupe-mixin" "^1.3.0"
    "@polymer/polymer" "^3.0.0"
    "@vaadin/component-base" "~23.6.2"
    "@vaadin/item" "~23.6.2"
    "@vaadin/list-box" "~23.6.2"
    "@vaadin/lit-renderer" "~23.6.2"
    "@vaadin/overlay" "~23.6.2"
    "@vaadin/vaadin-lumo-styles" "~23.6.2"
    "@vaadin/vaadin-material-styles" "~23.6.2"
    "@vaadin/vaadin-themable-mixin" "~23.6.2"

"@vaadin/icon@~23.6.2":
  version "23.6.2"
  resolved "https://registry.yarnpkg.com/@vaadin/icon/-/icon-23.6.2.tgz#9a51cac30883d6c7da912565d106ea76f967ba4b"
  integrity sha512-PShbSeXs+lSu37yDkhWsZT9cWteifnqogKfddS4vn8I3NFkQiA8YMukoFowPfWrbd9LLGR0f/CfVDSGiLSf6Ag==
  dependencies:
    "@polymer/polymer" "^3.0.0"
    "@vaadin/component-base" "~23.6.2"
    "@vaadin/vaadin-lumo-styles" "~23.6.2"
    "@vaadin/vaadin-themable-mixin" "~23.6.2"
    lit "^2.0.0"

"@vaadin/item@~23.6.2":
  version "23.6.2"
  resolved "https://registry.yarnpkg.com/@vaadin/item/-/item-23.6.2.tgz#374819ff73626864e20a40598042496b9696647b"
  integrity sha512-lFMaDWMhTJ788zsQ1P13YrPJb0nuhAHlOJTjFN7N3+kFdTqh4UquBoNmE8zVToaNu0wRevyWKuOroELWISyBGQ==
  dependencies:
    "@open-wc/dedupe-mixin" "^1.3.0"
    "@polymer/polymer" "^3.0.0"
    "@vaadin/component-base" "~23.6.2"
    "@vaadin/vaadin-lumo-styles" "~23.6.2"
    "@vaadin/vaadin-material-styles" "~23.6.2"
    "@vaadin/vaadin-themable-mixin" "~23.6.2"

"@vaadin/list-box@~23.6.2":
  version "23.6.2"
  resolved "https://registry.yarnpkg.com/@vaadin/list-box/-/list-box-23.6.2.tgz#0a0a41141458352c8bdcfddf657e8bff63739736"
  integrity sha512-McktX4SyqwnIx5kiKWKxM57Rm4HohX9XUcGuN6Y7VCvO05aEAoJZOY35NI0IcGQAaMqbqV0k4k4uoSb+/fT0Vg==
  dependencies:
    "@polymer/polymer" "^3.0.0"
    "@vaadin/component-base" "~23.6.2"
    "@vaadin/item" "~23.6.2"
    "@vaadin/vaadin-list-mixin" "~23.6.2"
    "@vaadin/vaadin-lumo-styles" "~23.6.2"
    "@vaadin/vaadin-material-styles" "~23.6.2"
    "@vaadin/vaadin-themable-mixin" "~23.6.2"

"@vaadin/lit-renderer@~23.6.2":
  version "23.6.2"
  resolved "https://registry.yarnpkg.com/@vaadin/lit-renderer/-/lit-renderer-23.6.2.tgz#76a72f9b193f50f7c21253e1552fad9d312f4e31"
  integrity sha512-5gwFLyiJejpY3aR3AUkAtu67CHKCedHDeEBb8Z7C6hxXV5Iv9yxyaC/ICP5Ps/6NuXdVgFF+NuS7Pgf0l3b9Sg==
  dependencies:
    lit "^2.0.0"

"@vaadin/overlay@~23.6.2":
  version "23.6.2"
  resolved "https://registry.yarnpkg.com/@vaadin/overlay/-/overlay-23.6.2.tgz#f0c245d2d511daac9cce14c261a845ee6682438c"
  integrity sha512-MyE4lAfQURvqMg5hn0j68bEUn+sx5yOCqx3HkOZuauEoqJmwuQVdrYLclyrDpnOg1Jg6zFdKCBAWzMiI/zj6/w==
  dependencies:
    "@open-wc/dedupe-mixin" "^1.3.0"
    "@polymer/polymer" "^3.0.0"
    "@vaadin/component-base" "~23.6.2"
    "@vaadin/vaadin-lumo-styles" "~23.6.2"
    "@vaadin/vaadin-material-styles" "~23.6.2"
    "@vaadin/vaadin-themable-mixin" "~23.6.2"

"@vaadin/vaadin-context-menu@^23.6.2":
  version "23.6.2"
  resolved "https://registry.yarnpkg.com/@vaadin/vaadin-context-menu/-/vaadin-context-menu-23.6.2.tgz#0977ee187ffafe59fcc0b4a064dd7c8ed27630b8"
  integrity sha512-jKec5/GNYXT8eL4uuxENIfrKt/pIzgpOoUiZOcRoTV9eY99jOikKcl3w1qWBXIZxXYZzr+WY0HE8EcCEyZgICw==
  dependencies:
    "@vaadin/context-menu" "~23.6.2"

"@vaadin/vaadin-development-mode-detector@^2.0.0":
  version "2.0.4"
  resolved "https://registry.yarnpkg.com/@vaadin/vaadin-development-mode-detector/-/vaadin-development-mode-detector-2.0.4.tgz#f49c8009856bead92d248377c36b295b5aae78e5"
  integrity sha512-S+PaFrZpK8uBIOnIHxjntTrgumd5ztuCnZww96ydGKXgo9whXfZsbMwDuD/102a/IuPUMyF+dh/n3PbWzJ6igA==

"@vaadin/vaadin-list-mixin@~23.6.2":
  version "23.6.2"
  resolved "https://registry.yarnpkg.com/@vaadin/vaadin-list-mixin/-/vaadin-list-mixin-23.6.2.tgz#2a9f9961aa7e53e529f8a7e228d2ca8223d3fc9c"
  integrity sha512-uaM5wrqCXBnYouTIZ1R9uIjGSeMXr36592J1QMj7p2dpKwmcsj61e1OvVfsb2vZ7lgdC+DEeOEA6aDuMVsKk0w==
  dependencies:
    "@open-wc/dedupe-mixin" "^1.3.0"
    "@polymer/polymer" "^3.0.0"
    "@vaadin/component-base" "~23.6.2"

"@vaadin/vaadin-lumo-styles@~23.6.2":
  version "23.6.2"
  resolved "https://registry.yarnpkg.com/@vaadin/vaadin-lumo-styles/-/vaadin-lumo-styles-23.6.2.tgz#4a62afe95d97fdcf27b7be9e48a3818a156b7da3"
  integrity sha512-U/21+NUJh4BrG5xHJ2clwFGjUjfDtZRtMs79o3KPpLG5d5lDpJ0GpuNJXSm52eI9saCyHaP2x2vDZlEkZlIGRQ==
  dependencies:
    "@polymer/iron-icon" "^3.0.0"
    "@polymer/iron-iconset-svg" "^3.0.0"
    "@polymer/polymer" "^3.0.0"
    "@vaadin/icon" "~23.6.2"
    "@vaadin/vaadin-themable-mixin" "~23.6.2"

"@vaadin/vaadin-material-styles@~23.6.2":
  version "23.6.2"
  resolved "https://registry.yarnpkg.com/@vaadin/vaadin-material-styles/-/vaadin-material-styles-23.6.2.tgz#f9e95bac761c3c5d8fa446969dd7ed35b9da4a82"
  integrity sha512-/OUZZm1NDSea2Ptiop8wQKRgeWeHgXq/fKg2jkzCNwDSE+ytqHpynIncgKT8+k6SJle4hnmWxkDKAB5c1NaiqA==
  dependencies:
    "@polymer/polymer" "^3.0.0"
    "@vaadin/vaadin-themable-mixin" "~23.6.2"

"@vaadin/vaadin-themable-mixin@~23.6.2":
  version "23.6.2"
  resolved "https://registry.yarnpkg.com/@vaadin/vaadin-themable-mixin/-/vaadin-themable-mixin-23.6.2.tgz#0c2eea6fefc6467fa6a8569d762d5bdfd9d0f460"
  integrity sha512-qaUsVBxHxEguHcne8zHMv3YQJGRF78uBmU3b52/Yh4z0C0paV2KKE6xa8s6yRAKX4EocBXirdP+UqFoH1Xs5zg==
  dependencies:
    "@open-wc/dedupe-mixin" "^1.3.0"
    lit "^2.0.0"

"@vaadin/vaadin-usage-statistics@^2.1.0":
  version "2.1.0"
  resolved "https://registry.yarnpkg.com/@vaadin/vaadin-usage-statistics/-/vaadin-usage-statistics-2.1.0.tgz#9c0fd71dded80f401bcdfbcb3f45b5640fc4256d"
  integrity sha512-e81nbqY5zsaYhLJuOVkJkB/Um1pGK5POIqIlTNhUfjeoyGaJ63tiX8+D5n6F+GgVxUTLUarsKa6SKRcQel0AzA==
  dependencies:
    "@vaadin/vaadin-development-mode-detector" "^2.0.0"

"@webcomponents/shadycss@^1.9.1":
  version "1.10.2"
  resolved "https://registry.yarnpkg.com/@webcomponents/shadycss/-/shadycss-1.10.2.tgz#40e03cab6dc5e12f199949ba2b79e02f183d1e7b"
  integrity sha512-9Iseu8bRtecb0klvv+WXZOVZatsRkbaH7M97Z+f+Pt909R4lDfgUODAnra23DOZTpeMTAkVpf4m/FZztN7Ox1A==

bootstrap@^4.1.3:
  version "4.6.0"
  resolved "https://registry.yarnpkg.com/bootstrap/-/bootstrap-4.6.0.tgz#97b9f29ac98f98dfa43bf7468262d84392552fd7"
  integrity sha512-Io55IuQY3kydzHtbGvQya3H+KorS/M9rSNyfCGCg9WZ4pyT/lCxIlpJgG1GXW/PswzC84Tr2fBYi+7+jFVQQBw==

bowser@^2.11.0:
  version "2.11.0"
  resolved "https://registry.yarnpkg.com/bowser/-/bowser-2.11.0.tgz#5ca3c35757a7aa5771500c70a73a9f91ef420a8f"
  integrity sha512-AlcaJBi/pqqJBIQ8U9Mcpc9i8Aqxn88Skv5d+xBX006BY5u8N3mGLHa5Lgppa7L/HfwgwLgZ6NYs+Ag6uUmJRA==

copy-text-to-clipboard@^3.0.1:
  version "3.0.1"
  resolved "https://registry.yarnpkg.com/copy-text-to-clipboard/-/copy-text-to-clipboard-3.0.1.tgz#8cbf8f90e0a47f12e4a24743736265d157bce69c"
  integrity sha512-rvVsHrpFcL4F2P8ihsoLdFHmd404+CMg71S756oRSeQgqk51U3kicGdnvfkrxva0xXH92SjGS62B0XIJsbh+9Q==

lit-element@^3.3.0:
  version "3.3.3"
  resolved "https://registry.yarnpkg.com/lit-element/-/lit-element-3.3.3.tgz#10bc19702b96ef5416cf7a70177255bfb17b3209"
  integrity sha512-XbeRxmTHubXENkV4h8RIPyr8lXc+Ff28rkcQzw3G6up2xg5E8Zu1IgOWIwBLEQsu3cOVFqdYwiVi0hv0SlpqUA==
  dependencies:
    "@lit-labs/ssr-dom-shim" "^1.1.0"
    "@lit/reactive-element" "^1.3.0"
    lit-html "^2.8.0"

lit-html@^2.8.0:
  version "2.8.0"
  resolved "https://registry.yarnpkg.com/lit-html/-/lit-html-2.8.0.tgz#96456a4bb4ee717b9a7d2f94562a16509d39bffa"
  integrity sha512-o9t+MQM3P4y7M7yNzqAyjp7z+mQGa4NS4CxiyLqFPyFWyc4O+nodLrkrxSaCTrla6M5YOLaT3RpbbqjszB5g3Q==
  dependencies:
    "@types/trusted-types" "^2.0.2"

lit@^2.0.0:
  version "2.8.0"
  resolved "https://registry.yarnpkg.com/lit/-/lit-2.8.0.tgz#4d838ae03059bf9cafa06e5c61d8acc0081e974e"
  integrity sha512-4Sc3OFX9QHOJaHbmTMk28SYgVxLN3ePDjg7hofEft2zWlehFL3LiAuapWc4U/kYwMYJSh2hTCPZ6/LIC7ii0MA==
  dependencies:
    "@lit/reactive-element" "^1.6.0"
    lit-element "^3.3.0"
    lit-html "^2.8.0"
