# THIS IS AN AUTOGENERATED FILE. DO NOT EDIT THIS FILE DIRECTLY.
# yarn lockfile v1


"@lit-labs/ssr-dom-shim@^1.0.0", "@lit-labs/ssr-dom-shim@^1.1.0":
  version "1.5.1"
  resolved "https://registry.yarnpkg.com/@lit-labs/ssr-dom-shim/-/ssr-dom-shim-1.5.1.tgz#3166900c0d481f03d6d4133686e0febf760d521d"
  integrity sha512-Aou5UdlSpr5whQe8AA/bZG0jMj96CoJIWbGfZ91qieWu5AWUMKw8VR/pAkQkJYvBNhmCcWnZlyyk5oze8JIqYA==

"@lit/reactive-element@^1.3.0", "@lit/reactive-element@^1.6.0":
  version "1.6.3"
  resolved "https://registry.yarnpkg.com/@lit/reactive-element/-/reactive-element-1.6.3.tgz#25b4eece2592132845d303e091bad9b04cdcfe03"
  integrity sha512-QuTgnG52Poic7uM1AN5yJ09QMe0O28e10XzSvWDz02TJiiKee4stsiownEIadWm8nYzyDAyT+gKzUoZmiWQtsQ==
  dependencies:
    "@lit-labs/ssr-dom-shim" "^1.0.0"

"@open-wc/dedupe-mixin@^1.3.0":
  version "1.4.0"
  resolved "https://registry.yarnpkg.com/@open-wc/dedupe-mixin/-/dedupe-mixin-1.4.0.tgz#b3c58f8699b197bb5e923d624c720e67c9f324d6"
  integrity sha512-Sj7gKl1TLcDbF7B6KUhtvr+1UCxdhMbNY5KxdU5IfMFWqL8oy1ZeAcCANjoB1TL0AJTcPmcCFsCbHf8X2jGDUA==

"@polymer/iron-flex-layout@^3.0.0-pre.26":
  version "3.0.1"
  resolved "https://registry.yarnpkg.com/@polymer/iron-flex-layout/-/iron-flex-layout-3.0.1.tgz#36f9e1a8eb792d279b2bc75d362628721ad37f0c"
  integrity sha512-7gB869czArF+HZcPTVSgvA7tXYFze9EKckvM95NB7SqYF+NnsQyhoXgKnpFwGyo95lUjUW9TFDLUwDXnCYFtkw==
  dependencies:
    "@polymer/polymer" "^3.0.0"

"@polymer/iron-icon@^3.0.0":
  version "3.0.1"
  resolved "https://registry.yarnpkg.com/@polymer/iron-icon/-/iron-icon-3.0.1.tgz#93211c39d8825fe4965a68419566036c1df291eb"
  integrity sha512-QLPwirk+UPZNaLnMew9VludXA4CWUCenRewgEcGYwdzVgDPCDbXxy6vRJjmweZobMQv/oVLppT2JZtJFnPxX6g==
  dependencies:
    "@polymer/iron-flex-layout" "^3.0.0-pre.26"
    "@polymer/iron-meta" "^3.0.0-pre.26"
    "@polymer/polymer" "^3.0.0"

"@polymer/iron-iconset-svg@^3.0.0":
  version "3.0.1"
  resolved "https://registry.yarnpkg.com/@polymer/iron-iconset-svg/-/iron-iconset-svg-3.0.1.tgz#568d6e7dbc120299dae63be3600aeba0d30ddbea"
  integrity sha512-XNwURbNHRw6u2fJe05O5fMYye6GSgDlDqCO+q6K1zAnKIrpgZwf2vTkBd5uCcZwsN0FyCB3mvNZx4jkh85dRDw==
  dependencies:
    "@polymer/iron-meta" "^3.0.0-pre.26"
    "@polymer/polymer" "^3.0.0"

"@polymer/iron-meta@^3.0.0-pre.26":
  version "3.0.1"
  resolved "https://registry.yarnpkg.com/@polymer/iron-meta/-/iron-meta-3.0.1.tgz#7f140628d127b0a284f882f1bb323a261bc125f5"
  integrity sha512-pWguPugiLYmWFV9UWxLWzZ6gm4wBwQdDy4VULKwdHCqR7OP7u98h+XDdGZsSlDPv6qoryV/e3tGHlTIT0mbzJA==
  dependencies:
    "@polymer/polymer" "^3.0.0"

"@polymer/polymer@^3.0.0":
  version "3.4.1"
  resolved "https://registry.yarnpkg.com/@polymer/polymer/-/polymer-3.4.1.tgz#333bef25711f8411bb5624fb3eba8212ef8bee96"
  integrity sha512-KPWnhDZibtqKrUz7enIPOiO4ZQoJNOuLwqrhV2MXzIt3VVnUVJVG5ORz4Z2sgO+UZ+/UZnPD0jqY+jmw/+a9mQ==
  dependencies:
    "@webcomponents/shadycss" "^1.9.1"

"@types/trusted-types@^2.0.2":
  version "2.0.7"
  resolved "https://registry.yarnpkg.com/@types/trusted-types/-/trusted-types-2.0.7.tgz#baccb07a970b91707df3a3e8ba6896c57ead2d11"
  integrity sha512-ScaPdn1dQczgbl0QFTeTOmVHFULt394XJgOQNoyVhZ6r2vLnMLJfBPd53SB52T/3G36VI1/g2MZaX0cwDuXsfw==

"@vaadin/component-base@~23.6.3":
  version "23.6.3"
  resolved "https://registry.yarnpkg.com/@vaadin/component-base/-/component-base-23.6.3.tgz#3aab0c048426a1eb4ec9ce1535cca8bcbc0a0259"
  integrity sha512-quNMzjW4aoPa9ezmgzDtkVHezvAUY7HDJdhpcWz6hXw4BxP/uwuVVr3KDQ+hRpRnwaud6fu1Dcliv9eHGlJdHg==
  dependencies:
    "@open-wc/dedupe-mixin" "^1.3.0"
    "@polymer/polymer" "^3.0.0"
    "@vaadin/vaadin-development-mode-detector" "^2.0.0"
    "@vaadin/vaadin-usage-statistics" "^2.1.0"
    lit "^2.0.0"

"@vaadin/context-menu@~23.6.3":
  version "23.6.3"
  resolved "https://registry.yarnpkg.com/@vaadin/context-menu/-/context-menu-23.6.3.tgz#8b6559bca9095aba69102d57472ef258dc9130cd"
  integrity sha512-mJ8hGNIBn55N5N7jeHD+nPM9JH4l7dP+36NVAEUG3WVGpfr/dQmHfugHhlBnyZHkq5Pbwyfb7zd91dsEqw2w5Q==
  dependencies:
    "@open-wc/dedupe-mixin" "^1.3.0"
    "@polymer/polymer" "^3.0.0"
    "@vaadin/component-base" "~23.6.3"
    "@vaadin/item" "~23.6.3"
    "@vaadin/list-box" "~23.6.3"
    "@vaadin/lit-renderer" "~23.6.3"
    "@vaadin/overlay" "~23.6.3"
    "@vaadin/vaadin-lumo-styles" "~23.6.3"
    "@vaadin/vaadin-material-styles" "~23.6.3"
    "@vaadin/vaadin-themable-mixin" "~23.6.3"

"@vaadin/icon@~23.6.3":
  version "23.6.3"
  resolved "https://registry.yarnpkg.com/@vaadin/icon/-/icon-23.6.3.tgz#7ffeea0fcb408abe41ed2e672bb0574295f61c7e"
  integrity sha512-u46qPaFDRCRw30yIdON2V5gfexCuNV2nUWTg/aUOqonYJnK9DNU3s0VbZ1nH5tWGL+4knzaRQIvOAy5yaS/fFg==
  dependencies:
    "@polymer/polymer" "^3.0.0"
    "@vaadin/component-base" "~23.6.3"
    "@vaadin/vaadin-lumo-styles" "~23.6.3"
    "@vaadin/vaadin-themable-mixin" "~23.6.3"
    lit "^2.0.0"

"@vaadin/item@~23.6.3":
  version "23.6.3"
  resolved "https://registry.yarnpkg.com/@vaadin/item/-/item-23.6.3.tgz#3deb68c761a24ba9d648c0edb619c2ed876ac400"
  integrity sha512-iLfSFmCpI1Mpl71DQp5ZzVVrQ9GbYElbYZtwGX4QE8MWHZA5AJpAgXtsFwU3HKo+PMur2ItqqH2GCAe8WJCb3A==
  dependencies:
    "@open-wc/dedupe-mixin" "^1.3.0"
    "@polymer/polymer" "^3.0.0"
    "@vaadin/component-base" "~23.6.3"
    "@vaadin/vaadin-lumo-styles" "~23.6.3"
    "@vaadin/vaadin-material-styles" "~23.6.3"
    "@vaadin/vaadin-themable-mixin" "~23.6.3"

"@vaadin/list-box@~23.6.3":
  version "23.6.3"
  resolved "https://registry.yarnpkg.com/@vaadin/list-box/-/list-box-23.6.3.tgz#1afc14090a9516e48da04340f9a67d2bddd58a64"
  integrity sha512-+d+ha1VSP5B00AMMtYWWnr27le/6e7rxs8eI8XehZHCgHAROemGpG6KVlDU3LGSWU1pnaFEojb1Zlb521wTz/w==
  dependencies:
    "@polymer/polymer" "^3.0.0"
    "@vaadin/component-base" "~23.6.3"
    "@vaadin/item" "~23.6.3"
    "@vaadin/vaadin-list-mixin" "~23.6.3"
    "@vaadin/vaadin-lumo-styles" "~23.6.3"
    "@vaadin/vaadin-material-styles" "~23.6.3"
    "@vaadin/vaadin-themable-mixin" "~23.6.3"

"@vaadin/lit-renderer@~23.6.3":
  version "23.6.3"
  resolved "https://registry.yarnpkg.com/@vaadin/lit-renderer/-/lit-renderer-23.6.3.tgz#ee349eaabe47941c21ad6c2b2257e04f6bba09ff"
  integrity sha512-HS+bDYsQtUe34ROMwe4Vgp7jR+wnmwmS1NcQcyTQPfYckmizshrS3550VItI0bn6mkNrYMjP0zgQkf3NHyxGRA==
  dependencies:
    lit "^2.0.0"

"@vaadin/overlay@~23.6.3":
  version "23.6.3"
  resolved "https://registry.yarnpkg.com/@vaadin/overlay/-/overlay-23.6.3.tgz#869a8ebcc688e8c2dbed9299a4b248950d2dee8c"
  integrity sha512-nhCtrwv2Rxyq1wEIKbXEYG/5LDmNmhL7FXI0JTmhvAALTQvULOQVn/95M9L48c/7Z/SzTWsNWvF8LWrKGIezmw==
  dependencies:
    "@open-wc/dedupe-mixin" "^1.3.0"
    "@polymer/polymer" "^3.0.0"
    "@vaadin/component-base" "~23.6.3"
    "@vaadin/vaadin-lumo-styles" "~23.6.3"
    "@vaadin/vaadin-material-styles" "~23.6.3"
    "@vaadin/vaadin-themable-mixin" "~23.6.3"

"@vaadin/vaadin-context-menu@^23.6.3":
  version "23.6.3"
  resolved "https://registry.yarnpkg.com/@vaadin/vaadin-context-menu/-/vaadin-context-menu-23.6.3.tgz#2f8bc4bc649649394c745420e0aa1dc0ab6ef86d"
  integrity sha512-B4HPO9LhiTUhifnt3wrPXkLRSUCuC/rqOFnn6nm7rhMeulDIDTGnEMavGuo6ceyH+aYObtJQ7gTY3pLq610ojw==
  dependencies:
    "@vaadin/context-menu" "~23.6.3"

"@vaadin/vaadin-development-mode-detector@^2.0.0":
  version "2.0.4"
  resolved "https://registry.yarnpkg.com/@vaadin/vaadin-development-mode-detector/-/vaadin-development-mode-detector-2.0.4.tgz#f49c8009856bead92d248377c36b295b5aae78e5"
  integrity sha512-S+PaFrZpK8uBIOnIHxjntTrgumd5ztuCnZww96ydGKXgo9whXfZsbMwDuD/102a/IuPUMyF+dh/n3PbWzJ6igA==

"@vaadin/vaadin-list-mixin@~23.6.3":
  version "23.6.3"
  resolved "https://registry.yarnpkg.com/@vaadin/vaadin-list-mixin/-/vaadin-list-mixin-23.6.3.tgz#2ac1d7313741325f2671d5a028b47f0550504b1c"
  integrity sha512-H6YS8s25DqTMZwMDxvlFRPlEw2ih0l3yy8foZJCdAFTSOoNXJLhgWfN60ys+ZtSqrHQ1d+VfNLstKE5KeUHWmA==
  dependencies:
    "@open-wc/dedupe-mixin" "^1.3.0"
    "@polymer/polymer" "^3.0.0"
    "@vaadin/component-base" "~23.6.3"

"@vaadin/vaadin-lumo-styles@~23.6.3":
  version "23.6.3"
  resolved "https://registry.yarnpkg.com/@vaadin/vaadin-lumo-styles/-/vaadin-lumo-styles-23.6.3.tgz#a153785d18324c35035b2789df2faa48ec59afdc"
  integrity sha512-EHcu0KvokczjcXHrA8Ffeb+uvzL7qmMYA3O3EWR4DaPZUcJukfJXTpjhDkkKx4FLvErKvPmHBBr1P6M1k0YAoQ==
  dependencies:
    "@polymer/iron-icon" "^3.0.0"
    "@polymer/iron-iconset-svg" "^3.0.0"
    "@polymer/polymer" "^3.0.0"
    "@vaadin/icon" "~23.6.3"
    "@vaadin/vaadin-themable-mixin" "~23.6.3"

"@vaadin/vaadin-material-styles@~23.6.3":
  version "23.6.3"
  resolved "https://registry.yarnpkg.com/@vaadin/vaadin-material-styles/-/vaadin-material-styles-23.6.3.tgz#472633ca05942024169288b68d5137d91770409d"
  integrity sha512-+JbR9YH5wsosoHEwL/H96924p8SLlkXL6gywFPfWFASSWCN8fTA0TLz0jA0+KiFrXaCoiO7gPExS6MDiqss5bw==
  dependencies:
    "@polymer/polymer" "^3.0.0"
    "@vaadin/vaadin-themable-mixin" "~23.6.3"

"@vaadin/vaadin-themable-mixin@~23.6.3":
  version "23.6.3"
  resolved "https://registry.yarnpkg.com/@vaadin/vaadin-themable-mixin/-/vaadin-themable-mixin-23.6.3.tgz#1090d1c07918683055b32c7c971cadf22f7b698e"
  integrity sha512-vO7UZbBcxWWlJcauC1qLOYmvZxBjBzIS2mCTOG5kJvVeDxOYe5B94uZQMydQd8w1ORc1hx5kpHTQ+/Sip/vBxg==
  dependencies:
    "@open-wc/dedupe-mixin" "^1.3.0"
    lit "^2.0.0"

"@vaadin/vaadin-usage-statistics@^2.1.0":
  version "2.1.0"
  resolved "https://registry.yarnpkg.com/@vaadin/vaadin-usage-statistics/-/vaadin-usage-statistics-2.1.0.tgz#9c0fd71dded80f401bcdfbcb3f45b5640fc4256d"
  integrity sha512-e81nbqY5zsaYhLJuOVkJkB/Um1pGK5POIqIlTNhUfjeoyGaJ63tiX8+D5n6F+GgVxUTLUarsKa6SKRcQel0AzA==
  dependencies:
    "@vaadin/vaadin-development-mode-detector" "^2.0.0"

"@webcomponents/shadycss@^1.9.1":
  version "1.10.2"
  resolved "https://registry.yarnpkg.com/@webcomponents/shadycss/-/shadycss-1.10.2.tgz#40e03cab6dc5e12f199949ba2b79e02f183d1e7b"
  integrity sha512-9Iseu8bRtecb0klvv+WXZOVZatsRkbaH7M97Z+f+Pt909R4lDfgUODAnra23DOZTpeMTAkVpf4m/FZztN7Ox1A==

bootstrap@^4.1.3:
  version "4.6.0"
  resolved "https://registry.yarnpkg.com/bootstrap/-/bootstrap-4.6.0.tgz#97b9f29ac98f98dfa43bf7468262d84392552fd7"
  integrity sha512-Io55IuQY3kydzHtbGvQya3H+KorS/M9rSNyfCGCg9WZ4pyT/lCxIlpJgG1GXW/PswzC84Tr2fBYi+7+jFVQQBw==

bowser@^2.11.0:
  version "2.11.0"
  resolved "https://registry.yarnpkg.com/bowser/-/bowser-2.11.0.tgz#5ca3c35757a7aa5771500c70a73a9f91ef420a8f"
  integrity sha512-AlcaJBi/pqqJBIQ8U9Mcpc9i8Aqxn88Skv5d+xBX006BY5u8N3mGLHa5Lgppa7L/HfwgwLgZ6NYs+Ag6uUmJRA==

copy-text-to-clipboard@^3.0.1:
  version "3.0.1"
  resolved "https://registry.yarnpkg.com/copy-text-to-clipboard/-/copy-text-to-clipboard-3.0.1.tgz#8cbf8f90e0a47f12e4a24743736265d157bce69c"
  integrity sha512-rvVsHrpFcL4F2P8ihsoLdFHmd404+CMg71S756oRSeQgqk51U3kicGdnvfkrxva0xXH92SjGS62B0XIJsbh+9Q==

lit-element@^3.3.0:
  version "3.3.3"
  resolved "https://registry.yarnpkg.com/lit-element/-/lit-element-3.3.3.tgz#10bc19702b96ef5416cf7a70177255bfb17b3209"
  integrity sha512-XbeRxmTHubXENkV4h8RIPyr8lXc+Ff28rkcQzw3G6up2xg5E8Zu1IgOWIwBLEQsu3cOVFqdYwiVi0hv0SlpqUA==
  dependencies:
    "@lit-labs/ssr-dom-shim" "^1.1.0"
    "@lit/reactive-element" "^1.3.0"
    lit-html "^2.8.0"

lit-html@^2.8.0:
  version "2.8.0"
  resolved "https://registry.yarnpkg.com/lit-html/-/lit-html-2.8.0.tgz#96456a4bb4ee717b9a7d2f94562a16509d39bffa"
  integrity sha512-o9t+MQM3P4y7M7yNzqAyjp7z+mQGa4NS4CxiyLqFPyFWyc4O+nodLrkrxSaCTrla6M5YOLaT3RpbbqjszB5g3Q==
  dependencies:
    "@types/trusted-types" "^2.0.2"

lit@^2.0.0:
  version "2.8.0"
  resolved "https://registry.yarnpkg.com/lit/-/lit-2.8.0.tgz#4d838ae03059bf9cafa06e5c61d8acc0081e974e"
  integrity sha512-4Sc3OFX9QHOJaHbmTMk28SYgVxLN3ePDjg7hofEft2zWlehFL3LiAuapWc4U/kYwMYJSh2hTCPZ6/LIC7ii0MA==
  dependencies:
    "@lit/reactive-element" "^1.6.0"
    lit-element "^3.3.0"
    lit-html "^2.8.0"
